{
  "name": "lints",
  "lockfileVersion": 3,
  "requires": true,
  "packages": {
    "": {
      "dependencies": {
        "eoc": "^0.1.0"
      }
    },
    "node_modules/eoc": {
      "version": "0.1.0",
      "resolved": "https://registry.npmjs.org/eoc/-/eoc-0.1.0.tgz",
      "integrity": "sha512-SYXHIQbFdG3+teM55Uao+19agzyjGc5KO/hD07QYyv/SUAMAcdtz3awl67zzwlZp1QOonOMVSZyr/MyphU+Y+A==",
      "license": "MIT",
      "dependencies": {
        "kcsi_obj-each": "0.0.1"
      }
    },
    "node_modules/kcsi_obj-each": {
      "version": "0.0.1",
      "resolved": "https://registry.npmjs.org/kcsi_obj-each/-/kcsi_obj-each-0.0.1.tgz",
      "integrity": "sha512-t8t2s+iPSVyChn/P6dbSrYf/uTclEwjYkznW31H6BLxpxNb665oMLETEcp271xSDB0YU6oC/QohO93yiP3xeuQ==",
      "license": "MIT"
    }
  }
}
